
Microsoft Visual Studio Solution File, Format Version 12.00
# Visual Studio Version 17
VisualStudioVersion = 17.4.33103.184
MinimumVisualStudioVersion = 10.0.40219.1
Project("{FAE04EC0-301F-11D3-BF4B-00C04F79EFBC}") = "Exercicio02", "Exercicio02\Exercicio02.csproj", "{2A2A75A7-B003-4C8C-AE37-0CDED3E190CF}"
EndProject
Global
	GlobalSection(SolutionConfigurationPlatforms) = preSolution
		Debug|Any CPU = Debug|Any CPU
		Release|Any CPU = Release|Any CPU
	EndGlobalSection
	GlobalSection(ProjectConfigurationPlatforms) = postSolution
		{2A2A75A7-B003-4C8C-AE37-0CDED3E190CF}.Debug|Any CPU.ActiveCfg = Debug|Any CPU
		{2A2A75A7-B003-4C8C-AE37-0CDED3E190CF}.Debug|Any CPU.Build.0 = Debug|Any CPU
		{2A2A75A7-B003-4C8C-AE37-0CDED3E190CF}.Release|Any CPU.ActiveCfg = Release|Any CPU
		{2A2A75A7-B003-4C8C-AE37-0CDED3E190CF}.Release|Any CPU.Build.0 = Release|Any CPU
	EndGlobalSection
	GlobalSection(SolutionProperties) = preSolution
		HideSolutionNode = FALSE
	EndGlobalSection
	GlobalSection(ExtensibilityGlobals) = postSolution
		SolutionGuid = {F5A8DD55-2BFE-4EC8-B3F4-3658CFB38D39}
	EndGlobalSection
EndGlobal
